// !$*UTF8*$!
{
	archiveVersion = 1;
	classes = {
	};
	objectVersion = 77;
	objects = {

/* Begin PBXBuildFile section */
		AAAA00402EA6000000000040 /* Quick Look Preview.appex in Embed Foundation Extensions */ = {isa = PBXBuildFile; fileRef = AAAA00102EA6000000000010 /* Quick Look Preview.appex */; settings = {ATTRIBUTES = (RemoveHeadersOnCopy, ); }; };
		AAAA00412EA6000000000041 /* Quick Look Thumbnail.appex in Embed Foundation Extensions */ = {isa = PBXBuildFile; fileRef = AAAA00112EA6000000000011 /* Quick Look Thumbnail.appex */; settings = {ATTRIBUTES = (RemoveHeadersOnCopy, ); }; };
		AAAA00602EA6000000000060 /* ThreeMF in Frameworks */ = {isa = PBXBuildFile; productRef = AAAA00612EA6000000000061 /* ThreeMF */; };
		AAAA00622EA6000000000062 /* ThreeMF in Frameworks */ = {isa = PBXBuildFile; productRef = AAAA00632EA6000000000063 /* ThreeMF */; };
		C90E33542D84621F002DC32F /* NavLibSwift in Frameworks */ = {isa = PBXBuildFile; productRef = C90E33532D84621F002DC32F /* NavLibSwift */; };
		C926DC272E1BF9BC00F38DB7 /* Sparkle in Frameworks */ = {isa = PBXBuildFile; productRef = C926DC262E1BF9BC00F38DB7 /* Sparkle */; };
		C932E69F2D0F6711006E5D17 /* Zip in Frameworks */ = {isa = PBXBuildFile; productRef = C932E69E2D0F6711006E5D17 /* Zip */; };
		C9A940792EA3E6E300D5BAB2 /* ThreeMF in Frameworks */ = {isa = PBXBuildFile; productRef = C9A940782EA3E6E300D5BAB2 /* ThreeMF */; };
		C9A940C42EA3F43200D5BAB2 /* NavLibSwift in Frameworks */ = {isa = PBXBuildFile; productRef = C9A940C32EA3F43200D5BAB2 /* NavLibSwift */; };
		C9A941A72EA5018D00D5BAB2 /* Nodal in Frameworks */ = {isa = PBXBuildFile; productRef = C9A941A62EA5018D00D5BAB2 /* Nodal */; };
		C9C7D33E2DE0981E00480B4E /* NavLibSwift in Frameworks */ = {isa = PBXBuildFile; productRef = C9C7D33D2DE0981E00480B4E /* NavLibSwift */; };
/* End PBXBuildFile section */

/* Begin PBXContainerItemProxy section */
		AAAA00072EA6000000000004 /* PBXContainerItemProxy */ = {
			isa = PBXContainerItemProxy;
			containerPortal = C932E63A2D0F5A01006E5D17 /* Project object */;
			proxyType = 1;
			remoteGlobalIDString = AAAA00202EA6000000000020;
			remoteInfo = "Quick Look Preview";
		};
		AAAA00082EA6000000000005 /* PBXContainerItemProxy */ = {
			isa = PBXContainerItemProxy;
			containerPortal = C932E63A2D0F5A01006E5D17 /* Project object */;
			proxyType = 1;
			remoteGlobalIDString = AAAA00302EA6000000000030;
			remoteInfo = "Quick Look Thumbnail";
		};
/* End PBXContainerItemProxy section */

/* Begin PBXCopyFilesBuildPhase section */
		AAAA00092EA6000000000006 /* Embed Foundation Extensions */ = {
			isa = PBXCopyFilesBuildPhase;
			buildActionMask = 2147483647;
			dstPath = "";
			dstSubfolderSpec = 13;
			files = (
				AAAA00402EA6000000000040 /* Quick Look Preview.appex in Embed Foundation Extensions */,
				AAAA00412EA6000000000041 /* Quick Look Thumbnail.appex in Embed Foundation Extensions */,
			);
			name = "Embed Foundation Extensions";
			runOnlyForDeploymentPostprocessing = 0;
		};
/* End PBXCopyFilesBuildPhase section */

/* Begin PBXFileReference section */
		AAAA00102EA6000000000010 /* Quick Look Preview.appex */ = {isa = PBXFileReference; explicitFileType = "wrapper.app-extension"; includeInIndex = 0; path = "Quick Look Preview.appex"; sourceTree = BUILT_PRODUCTS_DIR; };
		AAAA00112EA6000000000011 /* Quick Look Thumbnail.appex */ = {isa = PBXFileReference; explicitFileType = "wrapper.app-extension"; includeInIndex = 0; path = "Quick Look Thumbnail.appex"; sourceTree = BUILT_PRODUCTS_DIR; };
		C932E6422D0F5A01006E5D17 /* Cadova Viewer.app */ = {isa = PBXFileReference; explicitFileType = wrapper.application; includeInIndex = 0; path = "Cadova Viewer.app"; sourceTree = BUILT_PRODUCTS_DIR; };
/* End PBXFileReference section */

/* Begin PBXFileSystemSynchronizedBuildFileExceptionSet section */
		AAAA00122EA6000000000012 /* Exceptions for "Quick Look Preview" folder in "Quick Look Preview" target */ = {
			isa = PBXFileSystemSynchronizedBuildFileExceptionSet;
			membershipExceptions = (
				Info.plist,
			);
			target = AAAA00202EA6000000000020 /* Quick Look Preview */;
		};
		AAAA00132EA6000000000013 /* Exceptions for "Quick Look Thumbnail" folder in "Quick Look Thumbnail" target */ = {
			isa = PBXFileSystemSynchronizedBuildFileExceptionSet;
			membershipExceptions = (
				Info.plist,
			);
			target = AAAA00302EA6000000000030 /* Quick Look Thumbnail */;
		};
		C932E6522D0F5A03006E5D17 /* Exceptions for "Cadova Viewer" folder in "Cadova Viewer" target */ = {
			isa = PBXFileSystemSynchronizedBuildFileExceptionSet;
			membershipExceptions = (
				Info.plist,
			);
			target = C932E6412D0F5A01006E5D17 /* Cadova Viewer */;
		};
/* End PBXFileSystemSynchronizedBuildFileExceptionSet section */

/* Begin PBXFileSystemSynchronizedRootGroup section */
		AAAA00142EA6000000000014 /* Quick Look Preview */ = {
			isa = PBXFileSystemSynchronizedRootGroup;
			exceptions = (
				AAAA00122EA6000000000012 /* Exceptions for "Quick Look Preview" folder in "Quick Look Preview" target */,
			);
			path = "Quick Look Preview";
			sourceTree = "<group>";
		};
		AAAA00152EA6000000000015 /* Quick Look Thumbnail */ = {
			isa = PBXFileSystemSynchronizedRootGroup;
			exceptions = (
				AAAA00132EA6000000000013 /* Exceptions for "Quick Look Thumbnail" folder in "Quick Look Thumbnail" target */,
			);
			path = "Quick Look Thumbnail";
			sourceTree = "<group>";
		};
		AAAA00162EA6000000000016 /* Packages/CadovaCore */ = {
			isa = PBXFileSystemSynchronizedRootGroup;
			path = Packages/CadovaCore;
			sourceTree = "<group>";
		};
		C932E6442D0F5A01006E5D17 /* Cadova Viewer */ = {
			isa = PBXFileSystemSynchronizedRootGroup;
			exceptions = (
				C932E6522D0F5A03006E5D17 /* Exceptions for "Cadova Viewer" folder in "Cadova Viewer" target */,
			);
			path = "Cadova Viewer";
			sourceTree = "<group>";
		};
/* End PBXFileSystemSynchronizedRootGroup section */

/* Begin PBXFrameworksBuildPhase section */
		AAAA00172EA6000000000017 /* Frameworks */ = {
			isa = PBXFrameworksBuildPhase;
			buildActionMask = 2147483647;
			files = (
				AAAA00602EA6000000000060 /* ThreeMF in Frameworks */,
			);
			runOnlyForDeploymentPostprocessing = 0;
		};
		AAAA00182EA6000000000018 /* Frameworks */ = {
			isa = PBXFrameworksBuildPhase;
			buildActionMask = 2147483647;
			files = (
				AAAA00622EA6000000000062 /* ThreeMF in Frameworks */,
			);
			runOnlyForDeploymentPostprocessing = 0;
		};
		C932E63F2D0F5A01006E5D17 /* Frameworks */ = {
			isa = PBXFrameworksBuildPhase;
			buildActionMask = 2147483647;
			files = (
				C9A940792EA3E6E300D5BAB2 /* ThreeMF in Frameworks */,
				C926DC272E1BF9BC00F38DB7 /* Sparkle in Frameworks */,
				C9A940C42EA3F43200D5BAB2 /* NavLibSwift in Frameworks */,
				C9A941A72EA5018D00D5BAB2 /* Nodal in Frameworks */,
				C9C7D33E2DE0981E00480B4E /* NavLibSwift in Frameworks */,
				C90E33542D84621F002DC32F /* NavLibSwift in Frameworks */,
				C932E69F2D0F6711006E5D17 /* Zip in Frameworks */,
			);
			runOnlyForDeploymentPostprocessing = 0;
		};
/* End PBXFrameworksBuildPhase section */

/* Begin PBXGroup section */
		C932E6392D0F5A01006E5D17 = {
			isa = PBXGroup;
			children = (
				AAAA00162EA6000000000016 /* Packages/CadovaCore */,
				C932E6442D0F5A01006E5D17 /* Cadova Viewer */,
				AAAA00142EA6000000000014 /* Quick Look Preview */,
				AAAA00152EA6000000000015 /* Quick Look Thumbnail */,
				C932E6432D0F5A01006E5D17 /* Products */,
			);
			sourceTree = "<group>";
		};
		C932E6432D0F5A01006E5D17 /* Products */ = {
			isa = PBXGroup;
			children = (
				C932E6422D0F5A01006E5D17 /* Cadova Viewer.app */,
				AAAA00102EA6000000000010 /* Quick Look Preview.appex */,
				AAAA00112EA6000000000011 /* Quick Look Thumbnail.appex */,
			);
			name = Products;
			sourceTree = "<group>";
		};
/* End PBXGroup section */

/* Begin PBXNativeTarget section */
		AAAA00202EA6000000000020 /* Quick Look Preview */ = {
			isa = PBXNativeTarget;
			buildConfigurationList = AAAA00212EA6000000000021 /* Build configuration list for PBXNativeTarget "Quick Look Preview" */;
			buildPhases = (
				AAAA00222EA6000000000022 /* Sources */,
				AAAA00172EA6000000000017 /* Frameworks */,
				AAAA00232EA6000000000023 /* Resources */,
			);
			buildRules = (
			);
			dependencies = (
			);
			fileSystemSynchronizedGroups = (
				AAAA00142EA6000000000014 /* Quick Look Preview */,
				AAAA00162EA6000000000016 /* Packages/CadovaCore */,
			);
			name = "Quick Look Preview";
			packageProductDependencies = (
				AAAA00612EA6000000000061 /* ThreeMF */,
			);
			productName = "Quick Look Preview";
			productReference = AAAA00102EA6000000000010 /* Quick Look Preview.appex */;
			productType = "com.apple.product-type.app-extension";
		};
		AAAA00302EA6000000000030 /* Quick Look Thumbnail */ = {
			isa = PBXNativeTarget;
			buildConfigurationList = AAAA00312EA6000000000031 /* Build configuration list for PBXNativeTarget "Quick Look Thumbnail" */;
			buildPhases = (
				AAAA00322EA6000000000032 /* Sources */,
				AAAA00182EA6000000000018 /* Frameworks */,
				AAAA00332EA6000000000033 /* Resources */,
			);
			buildRules = (
			);
			dependencies = (
			);
			fileSystemSynchronizedGroups = (
				AAAA00152EA6000000000015 /* Quick Look Thumbnail */,
				AAAA00162EA6000000000016 /* Packages/CadovaCore */,
			);
			name = "Quick Look Thumbnail";
			packageProductDependencies = (
				AAAA00632EA6000000000063 /* ThreeMF */,
			);
			productName = "Quick Look Thumbnail";
			productReference = AAAA00112EA6000000000011 /* Quick Look Thumbnail.appex */;
			productType = "com.apple.product-type.app-extension";
		};
		C932E6412D0F5A01006E5D17 /* Cadova Viewer */ = {
			isa = PBXNativeTarget;
			buildConfigurationList = C932E6532D0F5A03006E5D17 /* Build configuration list for PBXNativeTarget "Cadova Viewer" */;
			buildPhases = (
				C932E63E2D0F5A01006E5D17 /* Sources */,
				C932E63F2D0F5A01006E5D17 /* Frameworks */,
				C932E6402D0F5A01006E5D17 /* Resources */,
				AAAA00092EA6000000000006 /* Embed Foundation Extensions */,
			);
			buildRules = (
			);
			dependencies = (
				AAAA00192EA6000000000019 /* PBXTargetDependency */,
				AAAA001A2EA600000000001A /* PBXTargetDependency */,
			);
			fileSystemSynchronizedGroups = (
				AAAA00162EA6000000000016 /* Packages/CadovaCore */,
				C932E6442D0F5A01006E5D17 /* Cadova Viewer */,
			);
			name = "Cadova Viewer";
			packageProductDependencies = (
				C932E69E2D0F6711006E5D17 /* Zip */,
				C90E33532D84621F002DC32F /* NavLibSwift */,
				C9C7D33D2DE0981E00480B4E /* NavLibSwift */,
				C926DC262E1BF9BC00F38DB7 /* Sparkle */,
				C9A940782EA3E6E300D5BAB2 /* ThreeMF */,
				C9A940C32EA3F43200D5BAB2 /* NavLibSwift */,
				C9A941A62EA5018D00D5BAB2 /* Nodal */,
			);
			productName = "Model Viewer";
			productReference = C932E6422D0F5A01006E5D17 /* Cadova Viewer.app */;
			productType = "com.apple.product-type.application";
		};
/* End PBXNativeTarget section */

/* Begin PBXProject section */
		C932E63A2D0F5A01006E5D17 /* Project object */ = {
			isa = PBXProject;
			attributes = {
				BuildIndependentTargetsInParallel = 1;
				LastSwiftUpdateCheck = 1610;
				LastUpgradeCheck = 2600;
				TargetAttributes = {
					AAAA00202EA6000000000020 = {
						CreatedOnToolsVersion = 16.1;
					};
					AAAA00302EA6000000000030 = {
						CreatedOnToolsVersion = 16.1;
					};
					C932E6412D0F5A01006E5D17 = {
						CreatedOnToolsVersion = 16.1;
					};
				};
			};
			buildConfigurationList = C932E63D2D0F5A01006E5D17 /* Build configuration list for PBXProject "Cadova Viewer" */;
			developmentRegion = en;
			hasScannedForEncodings = 0;
			knownRegions = (
				en,
				Base,
			);
			mainGroup = C932E6392D0F5A01006E5D17;
			minimizedProjectReferenceProxies = 1;
			packageReferences = (
				C926DC252E1BF9BC00F38DB7 /* XCRemoteSwiftPackageReference "Sparkle" */,
				C9A940772EA3E6E300D5BAB2 /* XCRemoteSwiftPackageReference "ThreeMF" */,
				C9A940C22EA3F43200D5BAB2 /* XCRemoteSwiftPackageReference "NavLibSwift" */,
				C9A941A52EA5018D00D5BAB2 /* XCRemoteSwiftPackageReference "Nodal" */,
			);
			preferredProjectObjectVersion = 77;
			productRefGroup = C932E6432D0F5A01006E5D17 /* Products */;
			projectDirPath = "";
			projectRoot = "";
			targets = (
				C932E6412D0F5A01006E5D17 /* Cadova Viewer */,
				AAAA00202EA6000000000020 /* Quick Look Preview */,
				AAAA00302EA6000000000030 /* Quick Look Thumbnail */,
			);
		};
/* End PBXProject section */

/* Begin PBXResourcesBuildPhase section */
		AAAA00232EA6000000000023 /* Resources */ = {
			isa = PBXResourcesBuildPhase;
			buildActionMask = 2147483647;
			files = (
			);
			runOnlyForDeploymentPostprocessing = 0;
		};
		AAAA00332EA6000000000033 /* Resources */ = {
			isa = PBXResourcesBuildPhase;
			buildActionMask = 2147483647;
			files = (
			);
			runOnlyForDeploymentPostprocessing = 0;
		};
		C932E6402D0F5A01006E5D17 /* Resources */ = {
			isa = PBXResourcesBuildPhase;
			buildActionMask = 2147483647;
			files = (
			);
			runOnlyForDeploymentPostprocessing = 0;
		};
/* End PBXResourcesBuildPhase section */

/* Begin PBXSourcesBuildPhase section */
		AAAA00222EA6000000000022 /* Sources */ = {
			isa = PBXSourcesBuildPhase;
			buildActionMask = 2147483647;
			files = (
			);
			runOnlyForDeploymentPostprocessing = 0;
		};
		AAAA00322EA6000000000032 /* Sources */ = {
			isa = PBXSourcesBuildPhase;
			buildActionMask = 2147483647;
			files = (
			);
			runOnlyForDeploymentPostprocessing = 0;
		};
		C932E63E2D0F5A01006E5D17 /* Sources */ = {
			isa = PBXSourcesBuildPhase;
			buildActionMask = 2147483647;
			files = (
			);
			runOnlyForDeploymentPostprocessing = 0;
		};
/* End PBXSourcesBuildPhase section */

/* Begin PBXTargetDependency section */
		AAAA00192EA6000000000019 /* PBXTargetDependency */ = {
			isa = PBXTargetDependency;
			target = AAAA00202EA6000000000020 /* Quick Look Preview */;
			targetProxy = AAAA00072EA6000000000004 /* PBXContainerItemProxy */;
		};
		AAAA001A2EA600000000001A /* PBXTargetDependency */ = {
			isa = PBXTargetDependency;
			target = AAAA00302EA6000000000030 /* Quick Look Thumbnail */;
			targetProxy = AAAA00082EA6000000000005 /* PBXContainerItemProxy */;
		};
/* End PBXTargetDependency section */

/* Begin XCBuildConfiguration section */
		AAAA00502EA6000000000050 /* Debug */ = {
			isa = XCBuildConfiguration;
			buildSettings = {
				CODE_SIGN_ENTITLEMENTS = "Quick Look Preview/QuickLookPreview.entitlements";
				CODE_SIGN_STYLE = Automatic;
				CURRENT_PROJECT_VERSION = 1;
				DEAD_CODE_STRIPPING = YES;
				DEVELOPMENT_TEAM = "";
				ENABLE_APP_SANDBOX = YES;
				ENABLE_HARDENED_RUNTIME = YES;
				GENERATE_INFOPLIST_FILE = YES;
				INFOPLIST_FILE = "Quick Look Preview/Info.plist";
				INFOPLIST_KEY_CFBundleDisplayName = "Quick Look Preview";
				INFOPLIST_KEY_NSHumanReadableCopyright = "";
				LD_RUNPATH_SEARCH_PATHS = (
					"$(inherited)",
					"@executable_path/../Frameworks",
					"@executable_path/../../../../Frameworks",
				);
				MARKETING_VERSION = 1.0;
				PRODUCT_BUNDLE_IDENTIFIER = se.tomasf.CadovaViewer.QuickLookPreview;
				PRODUCT_NAME = "$(TARGET_NAME)";
				SKIP_INSTALL = YES;
				SWIFT_EMIT_LOC_STRINGS = YES;
				SWIFT_OBJC_INTEROP_MODE = objcxx;
				SWIFT_VERSION = 5.0;
			};
			name = Debug;
		};
		AAAA00512EA6000000000051 /* Release */ = {
			isa = XCBuildConfiguration;
			buildSettings = {
				CODE_SIGN_ENTITLEMENTS = "Quick Look Preview/QuickLookPreview.entitlements";
				CODE_SIGN_STYLE = Automatic;
				CURRENT_PROJECT_VERSION = 1;
				DEAD_CODE_STRIPPING = YES;
				DEVELOPMENT_TEAM = "";
				ENABLE_APP_SANDBOX = YES;
				ENABLE_HARDENED_RUNTIME = YES;
				GENERATE_INFOPLIST_FILE = YES;
				INFOPLIST_FILE = "Quick Look Preview/Info.plist";
				INFOPLIST_KEY_CFBundleDisplayName = "Quick Look Preview";
				INFOPLIST_KEY_NSHumanReadableCopyright = "";
				LD_RUNPATH_SEARCH_PATHS = (
					"$(inherited)",
					"@executable_path/../Frameworks",
					"@executable_path/../../../../Frameworks",
				);
				MARKETING_VERSION = 1.0;
				PRODUCT_BUNDLE_IDENTIFIER = se.tomasf.CadovaViewer.QuickLookPreview;
				PRODUCT_NAME = "$(TARGET_NAME)";
				SKIP_INSTALL = YES;
				SWIFT_EMIT_LOC_STRINGS = YES;
				SWIFT_OBJC_INTEROP_MODE = objcxx;
				SWIFT_VERSION = 5.0;
			};
			name = Release;
		};
		AAAA00522EA6000000000052 /* Debug */ = {
			isa = XCBuildConfiguration;
			buildSettings = {
				CODE_SIGN_ENTITLEMENTS = "Quick Look Thumbnail/QuickLookThumbnail.entitlements";
				CODE_SIGN_STYLE = Automatic;
				CURRENT_PROJECT_VERSION = 1;
				DEAD_CODE_STRIPPING = YES;
				DEVELOPMENT_TEAM = "";
				ENABLE_APP_SANDBOX = YES;
				ENABLE_HARDENED_RUNTIME = YES;
				GENERATE_INFOPLIST_FILE = YES;
				INFOPLIST_FILE = "Quick Look Thumbnail/Info.plist";
				INFOPLIST_KEY_CFBundleDisplayName = "Quick Look Thumbnail";
				INFOPLIST_KEY_NSHumanReadableCopyright = "";
				LD_RUNPATH_SEARCH_PATHS = (
					"$(inherited)",
					"@executable_path/../Frameworks",
					"@executable_path/../../../../Frameworks",
				);
				MARKETING_VERSION = 1.0;
				PRODUCT_BUNDLE_IDENTIFIER = se.tomasf.CadovaViewer.QuickLookThumbnail;
				PRODUCT_NAME = "$(TARGET_NAME)";
				SKIP_INSTALL = YES;
				SWIFT_EMIT_LOC_STRINGS = YES;
				SWIFT_OBJC_INTEROP_MODE = objcxx;
				SWIFT_VERSION = 5.0;
			};
			name = Debug;
		};
		AAAA00532EA6000000000053 /* Release */ = {
			isa = XCBuildConfiguration;
			buildSettings = {
				CODE_SIGN_ENTITLEMENTS = "Quick Look Thumbnail/QuickLookThumbnail.entitlements";
				CODE_SIGN_STYLE = Automatic;
				CURRENT_PROJECT_VERSION = 1;
				DEAD_CODE_STRIPPING = YES;
				DEVELOPMENT_TEAM = "";
				ENABLE_APP_SANDBOX = YES;
				ENABLE_HARDENED_RUNTIME = YES;
				GENERATE_INFOPLIST_FILE = YES;
				INFOPLIST_FILE = "Quick Look Thumbnail/Info.plist";
				INFOPLIST_KEY_CFBundleDisplayName = "Quick Look Thumbnail";
				INFOPLIST_KEY_NSHumanReadableCopyright = "";
				LD_RUNPATH_SEARCH_PATHS = (
					"$(inherited)",
					"@executable_path/../Frameworks",
					"@executable_path/../../../../Frameworks",
				);
				MARKETING_VERSION = 1.0;
				PRODUCT_BUNDLE_IDENTIFIER = se.tomasf.CadovaViewer.QuickLookThumbnail;
				PRODUCT_NAME = "$(TARGET_NAME)";
				SKIP_INSTALL = YES;
				SWIFT_EMIT_LOC_STRINGS = YES;
				SWIFT_OBJC_INTEROP_MODE = objcxx;
				SWIFT_VERSION = 5.0;
			};
			name = Release;
		};
		C932E6542D0F5A03006E5D17 /* Debug */ = {
			isa = XCBuildConfiguration;
			buildSettings = {
				ALWAYS_EMBED_SWIFT_STANDARD_LIBRARIES = YES;
				ASSETCATALOG_COMPILER_APPICON_NAME = AppIcon;
				ASSETCATALOG_COMPILER_GLOBAL_ACCENT_COLOR_NAME = AccentColor;
				CODE_SIGN_ENTITLEMENTS = "Cadova Viewer/CadovaViewer.entitlements";
				"CODE_SIGN_IDENTITY[sdk=macosx*]" = "-";
				CODE_SIGN_STYLE = Automatic;
				COMBINE_HIDPI_IMAGES = YES;
				CURRENT_PROJECT_VERSION = 6;
				DEAD_CODE_STRIPPING = YES;
				DEVELOPMENT_TEAM = "";
				ENABLE_APP_SANDBOX = YES;
				ENABLE_HARDENED_RUNTIME = YES;
				ENABLE_OUTGOING_NETWORK_CONNECTIONS = YES;
				ENABLE_USER_SELECTED_FILES = readonly;
				FRAMEWORK_SEARCH_PATHS = (
					"$(inherited)",
					"$(LOCAL_LIBRARY_DIR)/Frameworks",
				);
				GENERATE_INFOPLIST_FILE = YES;
				INFOPLIST_FILE = "Cadova Viewer/Info.plist";
				INFOPLIST_KEY_CFBundleDisplayName = "Cadova Viewer";
				INFOPLIST_KEY_LSApplicationCategoryType = "public.app-category.graphics-design";
				INFOPLIST_KEY_NSHumanReadableCopyright = "";
				INFOPLIST_KEY_NSMainStoryboardFile = Main;
				INFOPLIST_KEY_NSPrincipalClass = NSApplication;
				LD_RUNPATH_SEARCH_PATHS = (
					"$(inherited)",
					"@executable_path/../Frameworks",
				);
				MARKETING_VERSION = 0.2.1;
				MODULE_VERIFIER_SUPPORTED_LANGUAGE_STANDARDS = "";
				PRODUCT_BUNDLE_IDENTIFIER = se.tomasf.CadovaViewer;
				PRODUCT_MODULE_NAME = CadovaViewer;
				PRODUCT_NAME = "$(TARGET_NAME)";
				RUNTIME_EXCEPTION_DISABLE_LIBRARY_VALIDATION = YES;
				SWIFT_EMIT_LOC_STRINGS = YES;
				SWIFT_OBJC_INTEROP_MODE = objcxx;
				SWIFT_VERSION = 5.0;
			};
			name = Debug;
		};
		C932E6552D0F5A03006E5D17 /* Release */ = {
			isa = XCBuildConfiguration;
			buildSettings = {
				ALWAYS_EMBED_SWIFT_STANDARD_LIBRARIES = YES;
				ASSETCATALOG_COMPILER_APPICON_NAME = AppIcon;
				ASSETCATALOG_COMPILER_GLOBAL_ACCENT_COLOR_NAME = AccentColor;
				CODE_SIGN_ENTITLEMENTS = "Cadova Viewer/CadovaViewer.entitlements";
				"CODE_SIGN_IDENTITY[sdk=macosx*]" = "-";
				CODE_SIGN_STYLE = Automatic;
				COMBINE_HIDPI_IMAGES = YES;
				CURRENT_PROJECT_VERSION = 6;
				DEAD_CODE_STRIPPING = YES;
				DEVELOPMENT_TEAM = "";
				ENABLE_APP_SANDBOX = YES;
				ENABLE_HARDENED_RUNTIME = YES;
				ENABLE_OUTGOING_NETWORK_CONNECTIONS = YES;
				ENABLE_USER_SELECTED_FILES = readonly;
				FRAMEWORK_SEARCH_PATHS = (
					"$(inherited)",
					"$(LOCAL_LIBRARY_DIR)/Frameworks",
				);
				GENERATE_INFOPLIST_FILE = YES;
				INFOPLIST_FILE = "Cadova Viewer/Info.plist";
				INFOPLIST_KEY_CFBundleDisplayName = "Cadova Viewer";
				INFOPLIST_KEY_LSApplicationCategoryType = "public.app-category.graphics-design";
				INFOPLIST_KEY_NSHumanReadableCopyright = "";
				INFOPLIST_KEY_NSMainStoryboardFile = Main;
				INFOPLIST_KEY_NSPrincipalClass = NSApplication;
				LD_RUNPATH_SEARCH_PATHS = (
					"$(inherited)",
					"@executable_path/../Frameworks",
				);
				MARKETING_VERSION = 0.2.1;
				MODULE_VERIFIER_SUPPORTED_LANGUAGE_STANDARDS = "";
				PRODUCT_BUNDLE_IDENTIFIER = se.tomasf.CadovaViewer;
				PRODUCT_MODULE_NAME = CadovaViewer;
				PRODUCT_NAME = "$(TARGET_NAME)";
				RUNTIME_EXCEPTION_DISABLE_LIBRARY_VALIDATION = YES;
				SWIFT_EMIT_LOC_STRINGS = YES;
				SWIFT_OBJC_INTEROP_MODE = objcxx;
				SWIFT_VERSION = 5.0;
			};
			name = Release;
		};
		C932E6562D0F5A03006E5D17 /* Debug */ = {
			isa = XCBuildConfiguration;
			buildSettings = {
				ALWAYS_SEARCH_USER_PATHS = NO;
				ASSETCATALOG_COMPILER_GENERATE_SWIFT_ASSET_SYMBOL_EXTENSIONS = YES;
				CLANG_ANALYZER_NONNULL = YES;
				CLANG_ANALYZER_NUMBER_OBJECT_CONVERSION = YES_AGGRESSIVE;
				CLANG_CXX_LANGUAGE_STANDARD = "gnu++20";
				CLANG_ENABLE_MODULES = YES;
				CLANG_ENABLE_OBJC_ARC = YES;
				CLANG_ENABLE_OBJC_WEAK = YES;
				CLANG_WARN_BLOCK_CAPTURE_AUTORELEASING = YES;
				CLANG_WARN_BOOL_CONVERSION = YES;
				CLANG_WARN_COMMA = YES;
				CLANG_WARN_CONSTANT_CONVERSION = YES;
				CLANG_WARN_DEPRECATED_OBJC_IMPLEMENTATIONS = YES;
				CLANG_WARN_DIRECT_OBJC_ISA_USAGE = YES_ERROR;
				CLANG_WARN_DOCUMENTATION_COMMENTS = YES;
				CLANG_WARN_EMPTY_BODY = YES;
				CLANG_WARN_ENUM_CONVERSION = YES;
				CLANG_WARN_INFINITE_RECURSION = YES;
				CLANG_WARN_INT_CONVERSION = YES;
				CLANG_WARN_NON_LITERAL_NULL_CONVERSION = YES;
				CLANG_WARN_OBJC_IMPLICIT_RETAIN_SELF = YES;
				CLANG_WARN_OBJC_LITERAL_CONVERSION = YES;
				CLANG_WARN_OBJC_ROOT_CLASS = YES_ERROR;
				CLANG_WARN_QUOTED_INCLUDE_IN_FRAMEWORK_HEADER = YES;
				CLANG_WARN_RANGE_LOOP_ANALYSIS = YES;
				CLANG_WARN_STRICT_PROTOTYPES = YES;
				CLANG_WARN_SUSPICIOUS_MOVE = YES;
				CLANG_WARN_UNGUARDED_AVAILABILITY = YES_AGGRESSIVE;
				CLANG_WARN_UNREACHABLE_CODE = YES;
				CLANG_WARN__DUPLICATE_METHOD_MATCH = YES;
				COPY_PHASE_STRIP = NO;
				DEAD_CODE_STRIPPING = YES;
				DEBUG_INFORMATION_FORMAT = dwarf;
				DEVELOPMENT_TEAM = 4R2KAE48H2;
				ENABLE_STRICT_OBJC_MSGSEND = YES;
				ENABLE_TESTABILITY = YES;
				ENABLE_USER_SCRIPT_SANDBOXING = YES;
				GCC_C_LANGUAGE_STANDARD = gnu17;
				GCC_DYNAMIC_NO_PIC = NO;
				GCC_NO_COMMON_BLOCKS = YES;
				GCC_OPTIMIZATION_LEVEL = 0;
				GCC_PREPROCESSOR_DEFINITIONS = (
					"DEBUG=1",
					"$(inherited)",
				);
				GCC_WARN_64_TO_32_BIT_CONVERSION = YES;
				GCC_WARN_ABOUT_RETURN_TYPE = YES_ERROR;
				GCC_WARN_UNDECLARED_SELECTOR = YES;
				GCC_WARN_UNINITIALIZED_AUTOS = YES_AGGRESSIVE;
				GCC_WARN_UNUSED_FUNCTION = YES;
				GCC_WARN_UNUSED_VARIABLE = YES;
				LOCALIZATION_PREFERS_STRING_CATALOGS = YES;
				MACOSX_DEPLOYMENT_TARGET = 15.1;
				MTL_ENABLE_DEBUG_INFO = INCLUDE_SOURCE;
				MTL_FAST_MATH = YES;
				ONLY_ACTIVE_ARCH = YES;
				SDKROOT = macosx;
				SWIFT_ACTIVE_COMPILATION_CONDITIONS = "DEBUG $(inherited)";
				SWIFT_OPTIMIZATION_LEVEL = "-Onone";
			};
			name = Debug;
		};
		C932E6572D0F5A03006E5D17 /* Release */ = {
			isa = XCBuildConfiguration;
			buildSettings = {
				ALWAYS_SEARCH_USER_PATHS = NO;
				ASSETCATALOG_COMPILER_GENERATE_SWIFT_ASSET_SYMBOL_EXTENSIONS = YES;
				CLANG_ANALYZER_NONNULL = YES;
				CLANG_ANALYZER_NUMBER_OBJECT_CONVERSION = YES_AGGRESSIVE;
				CLANG_CXX_LANGUAGE_STANDARD = "gnu++20";
				CLANG_ENABLE_MODULES = YES;
				CLANG_ENABLE_OBJC_ARC = YES;
				CLANG_ENABLE_OBJC_WEAK = YES;
				CLANG_WARN_BLOCK_CAPTURE_AUTORELEASING = YES;
				CLANG_WARN_BOOL_CONVERSION = YES;
				CLANG_WARN_COMMA = YES;
				CLANG_WARN_CONSTANT_CONVERSION = YES;
				CLANG_WARN_DEPRECATED_OBJC_IMPLEMENTATIONS = YES;
				CLANG_WARN_DIRECT_OBJC_ISA_USAGE = YES_ERROR;
				CLANG_WARN_DOCUMENTATION_COMMENTS = YES;
				CLANG_WARN_EMPTY_BODY = YES;
				CLANG_WARN_ENUM_CONVERSION = YES;
				CLANG_WARN_INFINITE_RECURSION = YES;
				CLANG_WARN_INT_CONVERSION = YES;
				CLANG_WARN_NON_LITERAL_NULL_CONVERSION = YES;
				CLANG_WARN_OBJC_IMPLICIT_RETAIN_SELF = YES;
				CLANG_WARN_OBJC_LITERAL_CONVERSION = YES;
				CLANG_WARN_OBJC_ROOT_CLASS = YES_ERROR;
				CLANG_WARN_QUOTED_INCLUDE_IN_FRAMEWORK_HEADER = YES;
				CLANG_WARN_RANGE_LOOP_ANALYSIS = YES;
				CLANG_WARN_STRICT_PROTOTYPES = YES;
				CLANG_WARN_SUSPICIOUS_MOVE = YES;
				CLANG_WARN_UNGUARDED_AVAILABILITY = YES_AGGRESSIVE;
				CLANG_WARN_UNREACHABLE_CODE = YES;
				CLANG_WARN__DUPLICATE_METHOD_MATCH = YES;
				COPY_PHASE_STRIP = NO;
				DEAD_CODE_STRIPPING = YES;
				DEBUG_INFORMATION_FORMAT = "dwarf-with-dsym";
				DEVELOPMENT_TEAM = 4R2KAE48H2;
				ENABLE_NS_ASSERTIONS = NO;
				ENABLE_STRICT_OBJC_MSGSEND = YES;
				ENABLE_USER_SCRIPT_SANDBOXING = YES;
				GCC_C_LANGUAGE_STANDARD = gnu17;
				GCC_NO_COMMON_BLOCKS = YES;
				GCC_WARN_64_TO_32_BIT_CONVERSION = YES;
				GCC_WARN_ABOUT_RETURN_TYPE = YES_ERROR;
				GCC_WARN_UNDECLARED_SELECTOR = YES;
				GCC_WARN_UNINITIALIZED_AUTOS = YES_AGGRESSIVE;
				GCC_WARN_UNUSED_FUNCTION = YES;
				GCC_WARN_UNUSED_VARIABLE = YES;
				LOCALIZATION_PREFERS_STRING_CATALOGS = YES;
				MACOSX_DEPLOYMENT_TARGET = 15.1;
				MTL_ENABLE_DEBUG_INFO = NO;
				MTL_FAST_MATH = YES;
				SDKROOT = macosx;
				SWIFT_COMPILATION_MODE = wholemodule;
			};
			name = Release;
		};
/* End XCBuildConfiguration section */

/* Begin XCConfigurationList section */
		AAAA00212EA6000000000021 /* Build configuration list for PBXNativeTarget "Quick Look Preview" */ = {
			isa = XCConfigurationList;
			buildConfigurations = (
				AAAA00502EA6000000000050 /* Debug */,
				AAAA00512EA6000000000051 /* Release */,
			);
			defaultConfigurationIsVisible = 0;
			defaultConfigurationName = Release;
		};
		AAAA00312EA6000000000031 /* Build configuration list for PBXNativeTarget "Quick Look Thumbnail" */ = {
			isa = XCConfigurationList;
			buildConfigurations = (
				AAAA00522EA6000000000052 /* Debug */,
				AAAA00532EA6000000000053 /* Release */,
			);
			defaultConfigurationIsVisible = 0;
			defaultConfigurationName = Release;
		};
		C932E63D2D0F5A01006E5D17 /* Build configuration list for PBXProject "Cadova Viewer" */ = {
			isa = XCConfigurationList;
			buildConfigurations = (
				C932E6562D0F5A03006E5D17 /* Debug */,
				C932E6572D0F5A03006E5D17 /* Release */,
			);
			defaultConfigurationIsVisible = 0;
			defaultConfigurationName = Release;
		};
		C932E6532D0F5A03006E5D17 /* Build configuration list for PBXNativeTarget "Cadova Viewer" */ = {
			isa = XCConfigurationList;
			buildConfigurations = (
				C932E6542D0F5A03006E5D17 /* Debug */,
				C932E6552D0F5A03006E5D17 /* Release */,
			);
			defaultConfigurationIsVisible = 0;
			defaultConfigurationName = Release;
		};
/* End XCConfigurationList section */

/* Begin XCRemoteSwiftPackageReference section */
		C926DC252E1BF9BC00F38DB7 /* XCRemoteSwiftPackageReference "Sparkle" */ = {
			isa = XCRemoteSwiftPackageReference;
			repositoryURL = "https://github.com/sparkle-project/Sparkle";
			requirement = {
				kind = upToNextMajorVersion;
				minimumVersion = 2.7.1;
			};
		};
		C9A940772EA3E6E300D5BAB2 /* XCRemoteSwiftPackageReference "ThreeMF" */ = {
			isa = XCRemoteSwiftPackageReference;
			repositoryURL = "https://github.com/tomasf/ThreeMF";
			requirement = {
				kind = upToNextMinorVersion;
				minimumVersion = 0.2.0;
			};
		};
		C9A940C22EA3F43200D5BAB2 /* XCRemoteSwiftPackageReference "NavLibSwift" */ = {
			isa = XCRemoteSwiftPackageReference;
			repositoryURL = "https://github.com/tomasf/NavLibSwift.git";
			requirement = {
				kind = upToNextMajorVersion;
				minimumVersion = 3.0.0;
			};
		};
		C9A941A52EA5018D00D5BAB2 /* XCRemoteSwiftPackageReference "Nodal" */ = {
			isa = XCRemoteSwiftPackageReference;
			repositoryURL = "https://github.com/tomasf/Nodal";
			requirement = {
				kind = upToNextMajorVersion;
				minimumVersion = 0.3.3;
			};
		};
/* End XCRemoteSwiftPackageReference section */

/* Begin XCSwiftPackageProductDependency section */
		AAAA00612EA6000000000061 /* ThreeMF */ = {
			isa = XCSwiftPackageProductDependency;
			package = C9A940772EA3E6E300D5BAB2 /* XCRemoteSwiftPackageReference "ThreeMF" */;
			productName = ThreeMF;
		};
		AAAA00632EA6000000000063 /* ThreeMF */ = {
			isa = XCSwiftPackageProductDependency;
			package = C9A940772EA3E6E300D5BAB2 /* XCRemoteSwiftPackageReference "ThreeMF" */;
			productName = ThreeMF;
		};
		C90E33532D84621F002DC32F /* NavLibSwift */ = {
			isa = XCSwiftPackageProductDependency;
			productName = NavLibSwift;
		};
		C926DC262E1BF9BC00F38DB7 /* Sparkle */ = {
			isa = XCSwiftPackageProductDependency;
			package = C926DC252E1BF9BC00F38DB7 /* XCRemoteSwiftPackageReference "Sparkle" */;
			productName = Sparkle;
		};
		C932E69E2D0F6711006E5D17 /* Zip */ = {
			isa = XCSwiftPackageProductDependency;
			productName = Zip;
		};
		C9A940782EA3E6E300D5BAB2 /* ThreeMF */ = {
			isa = XCSwiftPackageProductDependency;
			package = C9A940772EA3E6E300D5BAB2 /* XCRemoteSwiftPackageReference "ThreeMF" */;
			productName = ThreeMF;
		};
		C9A940C32EA3F43200D5BAB2 /* NavLibSwift */ = {
			isa = XCSwiftPackageProductDependency;
			package = C9A940C22EA3F43200D5BAB2 /* XCRemoteSwiftPackageReference "NavLibSwift" */;
			productName = NavLibSwift;
		};
		C9A941A62EA5018D00D5BAB2 /* Nodal */ = {
			isa = XCSwiftPackageProductDependency;
			package = C9A941A52EA5018D00D5BAB2 /* XCRemoteSwiftPackageReference "Nodal" */;
			productName = Nodal;
		};
		C9C7D33D2DE0981E00480B4E /* NavLibSwift */ = {
			isa = XCSwiftPackageProductDependency;
			productName = NavLibSwift;
		};
/* End XCSwiftPackageProductDependency section */
	};
	rootObject = C932E63A2D0F5A01006E5D17 /* Project object */;
}
