// !$*UTF8*$!
{
	archiveVersion = 1;
	classes = {
	};
	objectVersion = 77;
	objects = {

/* Begin PBXBuildFile section */
		C90E33542D84621F002DC32F /* NavLibSwift in Frameworks */ = {isa = PBXBuildFile; productRef = C90E33532D84621F002DC32F /* NavLibSwift */; };
		C926DC272E1BF9BC00F38DB7 /* Sparkle in Frameworks */ = {isa = PBXBuildFile; productRef = C926DC262E1BF9BC00F38DB7 /* Sparkle */; };
		C932E69F2D0F6711006E5D17 /* Zip in Frameworks */ = {isa = PBXBuildFile; productRef = C932E69E2D0F6711006E5D17 /* Zip */; };
		C93DE6262D43EF170048204A /* 3DconnexionNavlib.framework in Frameworks */ = {isa = PBXBuildFile; fileRef = C93DE6252D43EF170048204A /* 3DconnexionNavlib.framework */; };
		C9A940792EA3E6E300D5BAB2 /* ThreeMF in Frameworks */ = {isa = PBXBuildFile; productRef = C9A940782EA3E6E300D5BAB2 /* ThreeMF */; };
		C9A940C42EA3F43200D5BAB2 /* NavLibSwift in Frameworks */ = {isa = PBXBuildFile; productRef = C9A940C32EA3F43200D5BAB2 /* NavLibSwift */; };
		C9C7D33E2DE0981E00480B4E /* NavLibSwift in Frameworks */ = {isa = PBXBuildFile; productRef = C9C7D33D2DE0981E00480B4E /* NavLibSwift */; };
/* End PBXBuildFile section */

/* Begin PBXFileReference section */
		C932E6422D0F5A01006E5D17 /* Cadova Viewer.app */ = {isa = PBXFileReference; explicitFileType = wrapper.application; includeInIndex = 0; path = "Cadova Viewer.app"; sourceTree = BUILT_PRODUCTS_DIR; };
		C93DE6252D43EF170048204A /* 3DconnexionNavlib.framework */ = {isa = PBXFileReference; lastKnownFileType = wrapper.framework; name = 3DconnexionNavlib.framework; path = ../../../../../Library/Frameworks/3DconnexionNavlib.framework; sourceTree = "<group>"; };
/* End PBXFileReference section */

/* Begin PBXFileSystemSynchronizedBuildFileExceptionSet section */
		C932E6522D0F5A03006E5D17 /* Exceptions for "Cadova Viewer" folder in "Cadova Viewer" target */ = {
			isa = PBXFileSystemSynchronizedBuildFileExceptionSet;
			membershipExceptions = (
				Info.plist,
			);
			target = C932E6412D0F5A01006E5D17 /* Cadova Viewer */;
		};
/* End PBXFileSystemSynchronizedBuildFileExceptionSet section */

/* Begin PBXFileSystemSynchronizedRootGroup section */
		C932E6442D0F5A01006E5D17 /* Cadova Viewer */ = {
			isa = PBXFileSystemSynchronizedRootGroup;
			exceptions = (
				C932E6522D0F5A03006E5D17 /* Exceptions for "Cadova Viewer" folder in "Cadova Viewer" target */,
			);
			path = "Cadova Viewer";
			sourceTree = "<group>";
		};
/* End PBXFileSystemSynchronizedRootGroup section */

/* Begin PBXFrameworksBuildPhase section */
		C932E63F2D0F5A01006E5D17 /* Frameworks */ = {
			isa = PBXFrameworksBuildPhase;
			buildActionMask = 2147483647;
			files = (
				C9A940792EA3E6E300D5BAB2 /* ThreeMF in Frameworks */,
				C926DC272E1BF9BC00F38DB7 /* Sparkle in Frameworks */,
				C9A940C42EA3F43200D5BAB2 /* NavLibSwift in Frameworks */,
				C9C7D33E2DE0981E00480B4E /* NavLibSwift in Frameworks */,
				C90E33542D84621F002DC32F /* NavLibSwift in Frameworks */,
				C93DE6262D43EF170048204A /* 3DconnexionNavlib.framework in Frameworks */,
				C932E69F2D0F6711006E5D17 /* Zip in Frameworks */,
			);
			runOnlyForDeploymentPostprocessing = 0;
		};
/* End PBXFrameworksBuildPhase section */

/* Begin PBXGroup section */
		C932E6392D0F5A01006E5D17 = {
			isa = PBXGroup;
			children = (
				C932E6442D0F5A01006E5D17 /* Cadova Viewer */,
				C93DE6242D43EF170048204A /* Frameworks */,
				C932E6432D0F5A01006E5D17 /* Products */,
			);
			sourceTree = "<group>";
		};
		C932E6432D0F5A01006E5D17 /* Products */ = {
			isa = PBXGroup;
			children = (
				C932E6422D0F5A01006E5D17 /* Cadova Viewer.app */,
			);
			name = Products;
			sourceTree = "<group>";
		};
		C93DE6242D43EF170048204A /* Frameworks */ = {
			isa = PBXGroup;
			children = (
				C93DE6252D43EF170048204A /* 3DconnexionNavlib.framework */,
			);
			name = Frameworks;
			sourceTree = "<group>";
		};
/* End PBXGroup section */

/* Begin PBXNativeTarget section */
		C932E6412D0F5A01006E5D17 /* Cadova Viewer */ = {
			isa = PBXNativeTarget;
			buildConfigurationList = C932E6532D0F5A03006E5D17 /* Build configuration list for PBXNativeTarget "Cadova Viewer" */;
			buildPhases = (
				C932E63E2D0F5A01006E5D17 /* Sources */,
				C932E63F2D0F5A01006E5D17 /* Frameworks */,
				C932E6402D0F5A01006E5D17 /* Resources */,
			);
			buildRules = (
			);
			dependencies = (
			);
			fileSystemSynchronizedGroups = (
				C932E6442D0F5A01006E5D17 /* Cadova Viewer */,
			);
			name = "Cadova Viewer";
			packageProductDependencies = (
				C932E69E2D0F6711006E5D17 /* Zip */,
				C90E33532D84621F002DC32F /* NavLibSwift */,
				C9C7D33D2DE0981E00480B4E /* NavLibSwift */,
				C926DC262E1BF9BC00F38DB7 /* Sparkle */,
				C9A940782EA3E6E300D5BAB2 /* ThreeMF */,
				C9A940C32EA3F43200D5BAB2 /* NavLibSwift */,
			);
			productName = "Model Viewer";
			productReference = C932E6422D0F5A01006E5D17 /* Cadova Viewer.app */;
			productType = "com.apple.product-type.application";
		};
/* End PBXNativeTarget section */

/* Begin PBXProject section */
		C932E63A2D0F5A01006E5D17 /* Project object */ = {
			isa = PBXProject;
			attributes = {
				BuildIndependentTargetsInParallel = 1;
				LastSwiftUpdateCheck = 1610;
				LastUpgradeCheck = 1640;
				TargetAttributes = {
					C932E6412D0F5A01006E5D17 = {
						CreatedOnToolsVersion = 16.1;
					};
				};
			};
			buildConfigurationList = C932E63D2D0F5A01006E5D17 /* Build configuration list for PBXProject "Cadova Viewer" */;
			developmentRegion = en;
			hasScannedForEncodings = 0;
			knownRegions = (
				en,
				Base,
			);
			mainGroup = C932E6392D0F5A01006E5D17;
			minimizedProjectReferenceProxies = 1;
			packageReferences = (
				C926DC252E1BF9BC00F38DB7 /* XCRemoteSwiftPackageReference "Sparkle" */,
				C9A940772EA3E6E300D5BAB2 /* XCRemoteSwiftPackageReference "ThreeMF" */,
				C9A940C22EA3F43200D5BAB2 /* XCRemoteSwiftPackageReference "NavLibSwift" */,
			);
			preferredProjectObjectVersion = 77;
			productRefGroup = C932E6432D0F5A01006E5D17 /* Products */;
			projectDirPath = "";
			projectRoot = "";
			targets = (
				C932E6412D0F5A01006E5D17 /* Cadova Viewer */,
			);
		};
/* End PBXProject section */

/* Begin PBXResourcesBuildPhase section */
		C932E6402D0F5A01006E5D17 /* Resources */ = {
			isa = PBXResourcesBuildPhase;
			buildActionMask = 2147483647;
			files = (
			);
			runOnlyForDeploymentPostprocessing = 0;
		};
/* End PBXResourcesBuildPhase section */

/* Begin PBXSourcesBuildPhase section */
		C932E63E2D0F5A01006E5D17 /* Sources */ = {
			isa = PBXSourcesBuildPhase;
			buildActionMask = 2147483647;
			files = (
			);
			runOnlyForDeploymentPostprocessing = 0;
		};
/* End PBXSourcesBuildPhase section */

/* Begin XCBuildConfiguration section */
		C932E6542D0F5A03006E5D17 /* Debug */ = {
			isa = XCBuildConfiguration;
			buildSettings = {
				ASSETCATALOG_COMPILER_APPICON_NAME = AppIcon;
				ASSETCATALOG_COMPILER_GLOBAL_ACCENT_COLOR_NAME = AccentColor;
				CODE_SIGN_ENTITLEMENTS = "Cadova Viewer/CadovaViewer.entitlements";
				"CODE_SIGN_IDENTITY[sdk=macosx*]" = "Apple Development";
				CODE_SIGN_STYLE = Automatic;
				COMBINE_HIDPI_IMAGES = YES;
				CURRENT_PROJECT_VERSION = 4;
				DEAD_CODE_STRIPPING = YES;
				DEVELOPMENT_TEAM = 4R2KAE48H2;
				ENABLE_HARDENED_RUNTIME = YES;
				FRAMEWORK_SEARCH_PATHS = (
					"$(inherited)",
					"$(LOCAL_LIBRARY_DIR)/Frameworks",
				);
				GENERATE_INFOPLIST_FILE = YES;
				INFOPLIST_FILE = "Cadova Viewer/Info.plist";
				INFOPLIST_KEY_CFBundleDisplayName = "Cadova Viewer";
				INFOPLIST_KEY_LSApplicationCategoryType = "public.app-category.graphics-design";
				INFOPLIST_KEY_NSHumanReadableCopyright = "";
				INFOPLIST_KEY_NSMainStoryboardFile = Main;
				INFOPLIST_KEY_NSPrincipalClass = NSApplication;
				LD_RUNPATH_SEARCH_PATHS = (
					"$(inherited)",
					"@executable_path/../Frameworks",
				);
				MARKETING_VERSION = 0.2;
				MODULE_VERIFIER_SUPPORTED_LANGUAGE_STANDARDS = "";
				OTHER_LDFLAGS = (
					"-weak_framework",
					3DconnexionNavlib,
				);
				PRODUCT_BUNDLE_IDENTIFIER = se.tomasf.CadovaViewer;
				PRODUCT_MODULE_NAME = CadovaViewer;
				PRODUCT_NAME = "$(TARGET_NAME)";
				SWIFT_EMIT_LOC_STRINGS = YES;
				SWIFT_OBJC_INTEROP_MODE = objcxx;
				SWIFT_VERSION = 5.0;
			};
			name = Debug;
		};
		C932E6552D0F5A03006E5D17 /* Release */ = {
			isa = XCBuildConfiguration;
			buildSettings = {
				ASSETCATALOG_COMPILER_APPICON_NAME = AppIcon;
				ASSETCATALOG_COMPILER_GLOBAL_ACCENT_COLOR_NAME = AccentColor;
				CODE_SIGN_ENTITLEMENTS = "Cadova Viewer/CadovaViewer.entitlements";
				"CODE_SIGN_IDENTITY[sdk=macosx*]" = "Apple Development";
				CODE_SIGN_STYLE = Automatic;
				COMBINE_HIDPI_IMAGES = YES;
				CURRENT_PROJECT_VERSION = 4;
				DEAD_CODE_STRIPPING = YES;
				DEVELOPMENT_TEAM = 4R2KAE48H2;
				ENABLE_HARDENED_RUNTIME = YES;
				FRAMEWORK_SEARCH_PATHS = (
					"$(inherited)",
					"$(LOCAL_LIBRARY_DIR)/Frameworks",
				);
				GENERATE_INFOPLIST_FILE = YES;
				INFOPLIST_FILE = "Cadova Viewer/Info.plist";
				INFOPLIST_KEY_CFBundleDisplayName = "Cadova Viewer";
				INFOPLIST_KEY_LSApplicationCategoryType = "public.app-category.graphics-design";
				INFOPLIST_KEY_NSHumanReadableCopyright = "";
				INFOPLIST_KEY_NSMainStoryboardFile = Main;
				INFOPLIST_KEY_NSPrincipalClass = NSApplication;
				LD_RUNPATH_SEARCH_PATHS = (
					"$(inherited)",
					"@executable_path/../Frameworks",
				);
				MARKETING_VERSION = 0.2;
				MODULE_VERIFIER_SUPPORTED_LANGUAGE_STANDARDS = "";
				OTHER_LDFLAGS = (
					"-weak_framework",
					3DconnexionNavlib,
				);
				PRODUCT_BUNDLE_IDENTIFIER = se.tomasf.CadovaViewer;
				PRODUCT_MODULE_NAME = CadovaViewer;
				PRODUCT_NAME = "$(TARGET_NAME)";
				SWIFT_EMIT_LOC_STRINGS = YES;
				SWIFT_OBJC_INTEROP_MODE = objcxx;
				SWIFT_VERSION = 5.0;
			};
			name = Release;
		};
		C932E6562D0F5A03006E5D17 /* Debug */ = {
			isa = XCBuildConfiguration;
			buildSettings = {
				ALWAYS_SEARCH_USER_PATHS = NO;
				ASSETCATALOG_COMPILER_GENERATE_SWIFT_ASSET_SYMBOL_EXTENSIONS = YES;
				CLANG_ANALYZER_NONNULL = YES;
				CLANG_ANALYZER_NUMBER_OBJECT_CONVERSION = YES_AGGRESSIVE;
				CLANG_CXX_LANGUAGE_STANDARD = "gnu++20";
				CLANG_ENABLE_MODULES = YES;
				CLANG_ENABLE_OBJC_ARC = YES;
				CLANG_ENABLE_OBJC_WEAK = YES;
				CLANG_WARN_BLOCK_CAPTURE_AUTORELEASING = YES;
				CLANG_WARN_BOOL_CONVERSION = YES;
				CLANG_WARN_COMMA = YES;
				CLANG_WARN_CONSTANT_CONVERSION = YES;
				CLANG_WARN_DEPRECATED_OBJC_IMPLEMENTATIONS = YES;
				CLANG_WARN_DIRECT_OBJC_ISA_USAGE = YES_ERROR;
				CLANG_WARN_DOCUMENTATION_COMMENTS = YES;
				CLANG_WARN_EMPTY_BODY = YES;
				CLANG_WARN_ENUM_CONVERSION = YES;
				CLANG_WARN_INFINITE_RECURSION = YES;
				CLANG_WARN_INT_CONVERSION = YES;
				CLANG_WARN_NON_LITERAL_NULL_CONVERSION = YES;
				CLANG_WARN_OBJC_IMPLICIT_RETAIN_SELF = YES;
				CLANG_WARN_OBJC_LITERAL_CONVERSION = YES;
				CLANG_WARN_OBJC_ROOT_CLASS = YES_ERROR;
				CLANG_WARN_QUOTED_INCLUDE_IN_FRAMEWORK_HEADER = YES;
				CLANG_WARN_RANGE_LOOP_ANALYSIS = YES;
				CLANG_WARN_STRICT_PROTOTYPES = YES;
				CLANG_WARN_SUSPICIOUS_MOVE = YES;
				CLANG_WARN_UNGUARDED_AVAILABILITY = YES_AGGRESSIVE;
				CLANG_WARN_UNREACHABLE_CODE = YES;
				CLANG_WARN__DUPLICATE_METHOD_MATCH = YES;
				COPY_PHASE_STRIP = NO;
				DEAD_CODE_STRIPPING = YES;
				DEBUG_INFORMATION_FORMAT = dwarf;
				ENABLE_STRICT_OBJC_MSGSEND = YES;
				ENABLE_TESTABILITY = YES;
				ENABLE_USER_SCRIPT_SANDBOXING = YES;
				GCC_C_LANGUAGE_STANDARD = gnu17;
				GCC_DYNAMIC_NO_PIC = NO;
				GCC_NO_COMMON_BLOCKS = YES;
				GCC_OPTIMIZATION_LEVEL = 0;
				GCC_PREPROCESSOR_DEFINITIONS = (
					"DEBUG=1",
					"$(inherited)",
				);
				GCC_WARN_64_TO_32_BIT_CONVERSION = YES;
				GCC_WARN_ABOUT_RETURN_TYPE = YES_ERROR;
				GCC_WARN_UNDECLARED_SELECTOR = YES;
				GCC_WARN_UNINITIALIZED_AUTOS = YES_AGGRESSIVE;
				GCC_WARN_UNUSED_FUNCTION = YES;
				GCC_WARN_UNUSED_VARIABLE = YES;
				LOCALIZATION_PREFERS_STRING_CATALOGS = YES;
				MACOSX_DEPLOYMENT_TARGET = 15.1;
				MTL_ENABLE_DEBUG_INFO = INCLUDE_SOURCE;
				MTL_FAST_MATH = YES;
				ONLY_ACTIVE_ARCH = YES;
				SDKROOT = macosx;
				SWIFT_ACTIVE_COMPILATION_CONDITIONS = "DEBUG $(inherited)";
				SWIFT_OPTIMIZATION_LEVEL = "-Onone";
			};
			name = Debug;
		};
		C932E6572D0F5A03006E5D17 /* Release */ = {
			isa = XCBuildConfiguration;
			buildSettings = {
				ALWAYS_SEARCH_USER_PATHS = NO;
				ASSETCATALOG_COMPILER_GENERATE_SWIFT_ASSET_SYMBOL_EXTENSIONS = YES;
				CLANG_ANALYZER_NONNULL = YES;
				CLANG_ANALYZER_NUMBER_OBJECT_CONVERSION = YES_AGGRESSIVE;
				CLANG_CXX_LANGUAGE_STANDARD = "gnu++20";
				CLANG_ENABLE_MODULES = YES;
				CLANG_ENABLE_OBJC_ARC = YES;
				CLANG_ENABLE_OBJC_WEAK = YES;
				CLANG_WARN_BLOCK_CAPTURE_AUTORELEASING = YES;
				CLANG_WARN_BOOL_CONVERSION = YES;
				CLANG_WARN_COMMA = YES;
				CLANG_WARN_CONSTANT_CONVERSION = YES;
				CLANG_WARN_DEPRECATED_OBJC_IMPLEMENTATIONS = YES;
				CLANG_WARN_DIRECT_OBJC_ISA_USAGE = YES_ERROR;
				CLANG_WARN_DOCUMENTATION_COMMENTS = YES;
				CLANG_WARN_EMPTY_BODY = YES;
				CLANG_WARN_ENUM_CONVERSION = YES;
				CLANG_WARN_INFINITE_RECURSION = YES;
				CLANG_WARN_INT_CONVERSION = YES;
				CLANG_WARN_NON_LITERAL_NULL_CONVERSION = YES;
				CLANG_WARN_OBJC_IMPLICIT_RETAIN_SELF = YES;
				CLANG_WARN_OBJC_LITERAL_CONVERSION = YES;
				CLANG_WARN_OBJC_ROOT_CLASS = YES_ERROR;
				CLANG_WARN_QUOTED_INCLUDE_IN_FRAMEWORK_HEADER = YES;
				CLANG_WARN_RANGE_LOOP_ANALYSIS = YES;
				CLANG_WARN_STRICT_PROTOTYPES = YES;
				CLANG_WARN_SUSPICIOUS_MOVE = YES;
				CLANG_WARN_UNGUARDED_AVAILABILITY = YES_AGGRESSIVE;
				CLANG_WARN_UNREACHABLE_CODE = YES;
				CLANG_WARN__DUPLICATE_METHOD_MATCH = YES;
				COPY_PHASE_STRIP = NO;
				DEAD_CODE_STRIPPING = YES;
				DEBUG_INFORMATION_FORMAT = "dwarf-with-dsym";
				ENABLE_NS_ASSERTIONS = NO;
				ENABLE_STRICT_OBJC_MSGSEND = YES;
				ENABLE_USER_SCRIPT_SANDBOXING = YES;
				GCC_C_LANGUAGE_STANDARD = gnu17;
				GCC_NO_COMMON_BLOCKS = YES;
				GCC_WARN_64_TO_32_BIT_CONVERSION = YES;
				GCC_WARN_ABOUT_RETURN_TYPE = YES_ERROR;
				GCC_WARN_UNDECLARED_SELECTOR = YES;
				GCC_WARN_UNINITIALIZED_AUTOS = YES_AGGRESSIVE;
				GCC_WARN_UNUSED_FUNCTION = YES;
				GCC_WARN_UNUSED_VARIABLE = YES;
				LOCALIZATION_PREFERS_STRING_CATALOGS = YES;
				MACOSX_DEPLOYMENT_TARGET = 15.1;
				MTL_ENABLE_DEBUG_INFO = NO;
				MTL_FAST_MATH = YES;
				SDKROOT = macosx;
				SWIFT_COMPILATION_MODE = wholemodule;
			};
			name = Release;
		};
/* End XCBuildConfiguration section */

/* Begin XCConfigurationList section */
		C932E63D2D0F5A01006E5D17 /* Build configuration list for PBXProject "Cadova Viewer" */ = {
			isa = XCConfigurationList;
			buildConfigurations = (
				C932E6562D0F5A03006E5D17 /* Debug */,
				C932E6572D0F5A03006E5D17 /* Release */,
			);
			defaultConfigurationIsVisible = 0;
			defaultConfigurationName = Release;
		};
		C932E6532D0F5A03006E5D17 /* Build configuration list for PBXNativeTarget "Cadova Viewer" */ = {
			isa = XCConfigurationList;
			buildConfigurations = (
				C932E6542D0F5A03006E5D17 /* Debug */,
				C932E6552D0F5A03006E5D17 /* Release */,
			);
			defaultConfigurationIsVisible = 0;
			defaultConfigurationName = Release;
		};
/* End XCConfigurationList section */

/* Begin XCRemoteSwiftPackageReference section */
		C926DC252E1BF9BC00F38DB7 /* XCRemoteSwiftPackageReference "Sparkle" */ = {
			isa = XCRemoteSwiftPackageReference;
			repositoryURL = "https://github.com/sparkle-project/Sparkle";
			requirement = {
				kind = upToNextMajorVersion;
				minimumVersion = 2.7.1;
			};
		};
		C9A940772EA3E6E300D5BAB2 /* XCRemoteSwiftPackageReference "ThreeMF" */ = {
			isa = XCRemoteSwiftPackageReference;
			repositoryURL = "https://github.com/tomasf/ThreeMF";
			requirement = {
				kind = upToNextMinorVersion;
				minimumVersion = 0.2.0;
			};
		};
		C9A940C22EA3F43200D5BAB2 /* XCRemoteSwiftPackageReference "NavLibSwift" */ = {
			isa = XCRemoteSwiftPackageReference;
			repositoryURL = "https://github.com/tomasf/NavLibSwift.git";
			requirement = {
				kind = upToNextMajorVersion;
				minimumVersion = 2.0.0;
			};
		};
/* End XCRemoteSwiftPackageReference section */

/* Begin XCSwiftPackageProductDependency section */
		C90E33532D84621F002DC32F /* NavLibSwift */ = {
			isa = XCSwiftPackageProductDependency;
			productName = NavLibSwift;
		};
		C926DC262E1BF9BC00F38DB7 /* Sparkle */ = {
			isa = XCSwiftPackageProductDependency;
			package = C926DC252E1BF9BC00F38DB7 /* XCRemoteSwiftPackageReference "Sparkle" */;
			productName = Sparkle;
		};
		C932E69E2D0F6711006E5D17 /* Zip */ = {
			isa = XCSwiftPackageProductDependency;
			productName = Zip;
		};
		C9A940782EA3E6E300D5BAB2 /* ThreeMF */ = {
			isa = XCSwiftPackageProductDependency;
			package = C9A940772EA3E6E300D5BAB2 /* XCRemoteSwiftPackageReference "ThreeMF" */;
			productName = ThreeMF;
		};
		C9A940C32EA3F43200D5BAB2 /* NavLibSwift */ = {
			isa = XCSwiftPackageProductDependency;
			package = C9A940C22EA3F43200D5BAB2 /* XCRemoteSwiftPackageReference "NavLibSwift" */;
			productName = NavLibSwift;
		};
		C9C7D33D2DE0981E00480B4E /* NavLibSwift */ = {
			isa = XCSwiftPackageProductDependency;
			productName = NavLibSwift;
		};
/* End XCSwiftPackageProductDependency section */
	};
	rootObject = C932E63A2D0F5A01006E5D17 /* Project object */;
}
