{
  "originHash" : "3c8b5f02e55289c13ff36a7cf2f8f0b5b031a00581cb4e907561a4677c61d8ab",
  "pins" : [
    {
      "identity" : "navlibswift",
      "kind" : "remoteSourceControl",
      "location" : "https://github.com/tomasf/NavLibSwift.git",
      "state" : {
        "revision" : "81d275f26e3fbfe1d668ab546e3bf3679e5bc712",
        "version" : "2.0.0"
      }
    },
    {
      "identity" : "nodal",
      "kind" : "remoteSourceControl",
      "location" : "https://github.com/tomasf/Nodal.git",
      "state" : {
        "revision" : "20fc1e770d8fe38f4c00536547d4c782824434fa",
        "version" : "0.3.2"
      }
    },
    {
      "identity" : "sparkle",
      "kind" : "remoteSourceControl",
      "location" : "https://github.com/sparkle-project/Sparkle",
      "state" : {
        "revision" : "df074165274afaa39539c05d57b0832620775b11",
        "version" : "2.7.1"
      }
    },
    {
      "identity" : "threemf",
      "kind" : "remoteSourceControl",
      "location" : "https://github.com/tomasf/ThreeMF",
      "state" : {
        "revision" : "a7b65b1c8960602f4bc954bfc334b98c6a5e9099",
        "version" : "0.2.0"
      }
    },
    {
      "identity" : "zip",
      "kind" : "remoteSourceControl",
      "location" : "https://github.com/tomasf/Zip.git",
      "state" : {
        "revision" : "4f0d993ea822c313acbe6be8b0d40e7cb5e3a217",
        "version" : "2.1.0"
      }
    }
  ],
  "version" : 3
}
