{
  "originHash" : "50a3072d61953eb9596735fe3d5c9b8a6e8589cfaff195acc8574ea9aa7fedc4",
  "pins" : [
    {
      "identity" : "manifold-swift",
      "kind" : "remoteSourceControl",
      "location" : "https://github.com/tomasf/manifold-swift.git",
      "state" : {
        "revision" : "94a4f7bbfef3a7f23207f9d8a1d8ca2172fe0b61",
        "version" : "1.1.0"
      }
    },
    {
      "identity" : "navlibswift",
      "kind" : "remoteSourceControl",
      "location" : "https://github.com/tomasf/NavLibSwift",
      "state" : {
        "revision" : "37eeaced91ce18427f5d39a9f16457b373cf09f2",
        "version" : "3.0.0"
      }
    },
    {
      "identity" : "nodal",
      "kind" : "remoteSourceControl",
      "location" : "https://github.com/tomasf/Nodal",
      "state" : {
        "revision" : "275b8efd1d36d45154759a19e8cad709c2a36c64",
        "version" : "0.4.1"
      }
    },
    {
      "identity" : "sparkle",
      "kind" : "remoteSourceControl",
      "location" : "https://github.com/sparkle-project/Sparkle",
      "state" : {
        "revision" : "21d8df80440b1ca3b65fa82e40782f1e5a9e6ba2",
        "version" : "2.9.0"
      }
    },
    {
      "identity" : "threemf",
      "kind" : "remoteSourceControl",
      "location" : "https://github.com/tomasf/ThreeMF",
      "state" : {
        "revision" : "d31fdea80c561b87983928b01fb8565cccde2382",
        "version" : "0.2.2"
      }
    },
    {
      "identity" : "zip",
      "kind" : "remoteSourceControl",
      "location" : "https://github.com/tomasf/Zip.git",
      "state" : {
        "revision" : "89a20ecc82eddf3d1cb40b55e2143167ee4367d3",
        "version" : "2.1.1"
      }
    }
  ],
  "version" : 3
}
